github.com/davecgh/go-spew v1.1.0/go.mod h1:J7Y8YcW2NihsgmVo/mv3lAwl/skON4iLHjSsI+c5H38=
github.com/hashicorp/errwrap v1.0.0 h1:hLrqtEDnRye3+sgx6z4qVLNuviH3MR5aQ0ykNJa/UYA=
github.com/hashicorp/errwrap v1.0.0/go.mod h1:YH+1FKiLXxHSkmPseP+kNlulaMuP3n2brvKWEqk/Jc4=
github.com/hashicorp/go-multierror v1.0.0 h1:iVjPR7a6H0tWELX5NxNe7bYopibicUzc7uPribsnS6o=
github.com/hashicorp/go-multierror v1.0.0/go.mod h1:dHtQlpGsu+cZNNAkkCN/P3hoUDHhCYQXV3UM06sGGrk=
github.com/hashicorp/go-multierror v1.1.0 h1:B9UzwGQJehnUY1yNrnwREHc3fGbC2xefo8g4TbElacI=
github.com/hashicorp/go-multierror v1.1.0/go.mod h1:spPvp8C1qA32ftKqdAHm4hHTbPw+vmowP0z+KUhOZdA=
github.com/msolo/cmdflag v0.0.0-20181211235534-3abb12161e01 h1:qyDKz+8hbeV6TFGBm9HLD7QR/KnIV0sYop9C6fMsR+0=
github.com/pkg/errors v0.8.1/go.mod h1:bwawxfHBFNV+L2hUp1rHADufV3IMtnDRdf1r5NINEl0=
github.com/pmezard/go-difflib v1.0.0/go.mod h1:iKH77koFhYxTK1pcRnkKkqfTogsbg7gZNVY4sRDYZ/4=
github.com/posener/complete v1.2.1 h1:LrvDIY//XNo65Lq84G/akBuMGlawHvGBABv8f/ZN6DI=
github.com/posener/complete v1.2.1/go.mod h1:6gapUrK/U1TAN7ciCoNRIdVC5sbdBTUh1DKN0g6uH7E=
github.com/posener/complete v1.2.3 h1:NP0eAhjcjImqslEwo/1hq7gpajME0fTLTezBKDqfXqo=
github.com/posener/complete/v2 v2.0.1-alpha.12 h1:0wvkuDfHb5vSZlNBYgpEH4XQHpF46MjLPHav8XC77Nc=
github.com/posener/complete/v2 v2.0.1-alpha.12/go.mod h1://JlL91cS2JV7rOl6LVHrRqBXoBUecJu3ILQPgbJiMQ=
github.com/posener/script v1.0.4 h1:nSuXW5ZdmFnQIueLB2s0qvs4oNsUloM1Zydzh75v42w=
github.com/posener/script v1.0.4/go.mod h1:Rg3ijooqulo05aGLyGsHoLmIOUzHUVK19WVgrYBPU/E=
github.com/posener/script v1.1.5 h1:su+9YHNlevT+Hlq2Xul5skh5kYDIBE+x4xu+5mLDT9o=
github.com/posener/script v1.1.5/go.mod h1:Rg3ijooqulo05aGLyGsHoLmIOUzHUVK19WVgrYBPU/E=
github.com/stretchr/objx v0.1.0/go.mod h1:HFkY916IF+rwdDfMAkV7OtwuqBVzrE8GR6GFx+wExME=
github.com/stretchr/testify v1.4.0/go.mod h1:j7eGeouHqKxXV5pUuKE4zz7dFj8WfuZ+81PSLYec5m4=
gopkg.in/check.v1 v0.0.0-20161208181325-20d25e280405/go.mod h1:Co6ibVJAznAaIkqp8huTwlJQCZ016jof/cbN4VW5Yz0=
gopkg.in/yaml.v2 v2.2.2/go.mod h1:hI93XBmqTisBFMUTm0b8Fm+jr3Dg1NNxqwp+5A1VGuI=
